// !$*UTF8*$!
{
	archiveVersion = 1;
	classes = {
	};
	objectVersion = 55;
	objects = {

/* Begin PBXBuildFile section */
		A91A8842267F36DF000CD2D3 /* ChannelView.swift in Sources */ = {isa = PBXBuildFile; fileRef = A91A8841267F36DE000CD2D3 /* ChannelView.swift */; };
		A91A8844267F3D6C000CD2D3 /* NSObject.ChatSwiftUI.swift in Sources */ = {isa = PBXBuildFile; fileRef = A91A8843267F3D6C000CD2D3 /* NSObject.ChatSwiftUI.swift */; };
		A91A8846267F4643000CD2D3 /* MessageRow.swift in Sources */ = {isa = PBXBuildFile; fileRef = A91A8845267F4643000CD2D3 /* MessageRow.swift */; };
		A91A884A267F54B9000CD2D3 /* MessageInputField.swift in Sources */ = {isa = PBXBuildFile; fileRef = A91A8849267F54B9000CD2D3 /* MessageInputField.swift */; };
		A91A884C267F5B51000CD2D3 /* GroupChannelState.swift in Sources */ = {isa = PBXBuildFile; fileRef = A91A884B267F5B51000CD2D3 /* GroupChannelState.swift */; };
		A91A884E267F5C27000CD2D3 /* MessageList.swift in Sources */ = {isa = PBXBuildFile; fileRef = A91A884D267F5C27000CD2D3 /* MessageList.swift */; };
		A91A8850267F69E4000CD2D3 /* SBDBaseMessage.ChatSwiftUI.swift in Sources */ = {isa = PBXBuildFile; fileRef = A91A884F267F69E4000CD2D3 /* SBDBaseMessage.ChatSwiftUI.swift */; };
		A9A7A526267EEC2300894886 /* ChatSwiftUIApp.swift in Sources */ = {isa = PBXBuildFile; fileRef = A9A7A525267EEC2300894886 /* ChatSwiftUIApp.swift */; };
		A9A7A528267EEC2300894886 /* ContentView.swift in Sources */ = {isa = PBXBuildFile; fileRef = A9A7A527267EEC2300894886 /* ContentView.swift */; };
		A9A7A52A267EEC2400894886 /* Assets.xcassets in Resources */ = {isa = PBXBuildFile; fileRef = A9A7A529267EEC2400894886 /* Assets.xcassets */; };
		A9A7A52D267EEC2400894886 /* Preview Assets.xcassets in Resources */ = {isa = PBXBuildFile; fileRef = A9A7A52C267EEC2400894886 /* Preview Assets.xcassets */; };
		A9A7A535267EEC3B00894886 /* SendBirdSDK in Frameworks */ = {isa = PBXBuildFile; productRef = A9A7A534267EEC3B00894886 /* SendBirdSDK */; };
		A9A7A537267EEC3B00894886 /* SendbirdChat in Frameworks */ = {isa = PBXBuildFile; productRef = A9A7A536267EEC3B00894886 /* SendbirdChat */; };
		A9A7A539267EEC5200894886 /* SendbirdChatState.swift in Sources */ = {isa = PBXBuildFile; fileRef = A9A7A538267EEC5200894886 /* SendbirdChatState.swift */; };
		A9A7A53C267EF1D000894886 /* SignInView.swift in Sources */ = {isa = PBXBuildFile; fileRef = A9A7A53B267EF1D000894886 /* SignInView.swift */; };
		A9A7A53E267EFB3400894886 /* ChannelList.swift in Sources */ = {isa = PBXBuildFile; fileRef = A9A7A53D267EFB3400894886 /* ChannelList.swift */; };
		A9A7A540267F0A8300894886 /* SBDGroupChannel.ChatSwiftUI.swift in Sources */ = {isa = PBXBuildFile; fileRef = A9A7A53F267F0A8300894886 /* SBDGroupChannel.ChatSwiftUI.swift */; };
		A9A7A542267F0D8300894886 /* SBDUser.ChatSwiftUI.swift in Sources */ = {isa = PBXBuildFile; fileRef = A9A7A541267F0D8300894886 /* SBDUser.ChatSwiftUI.swift */; };
		A9A7A545267F0F2600894886 /* ChannelRow.swift in Sources */ = {isa = PBXBuildFile; fileRef = A9A7A544267F0F2600894886 /* ChannelRow.swift */; };
/* End PBXBuildFile section */

/* Begin PBXFileReference section */
		A91A8841267F36DE000CD2D3 /* ChannelView.swift */ = {isa = PBXFileReference; lastKnownFileType = sourcecode.swift; path = ChannelView.swift; sourceTree = "<group>"; };
		A91A8843267F3D6C000CD2D3 /* NSObject.ChatSwiftUI.swift */ = {isa = PBXFileReference; lastKnownFileType = sourcecode.swift; path = NSObject.ChatSwiftUI.swift; sourceTree = "<group>"; };
		A91A8845267F4643000CD2D3 /* MessageRow.swift */ = {isa = PBXFileReference; lastKnownFileType = sourcecode.swift; path = MessageRow.swift; sourceTree = "<group>"; };
		A91A8849267F54B9000CD2D3 /* MessageInputField.swift */ = {isa = PBXFileReference; lastKnownFileType = sourcecode.swift; path = MessageInputField.swift; sourceTree = "<group>"; };
		A91A884B267F5B51000CD2D3 /* GroupChannelState.swift */ = {isa = PBXFileReference; lastKnownFileType = sourcecode.swift; path = GroupChannelState.swift; sourceTree = "<group>"; };
		A91A884D267F5C27000CD2D3 /* MessageList.swift */ = {isa = PBXFileReference; lastKnownFileType = sourcecode.swift; path = MessageList.swift; sourceTree = "<group>"; };
		A91A884F267F69E4000CD2D3 /* SBDBaseMessage.ChatSwiftUI.swift */ = {isa = PBXFileReference; lastKnownFileType = sourcecode.swift; path = SBDBaseMessage.ChatSwiftUI.swift; sourceTree = "<group>"; };
		A9A7A522267EEC2300894886 /* ChatSwiftUI.app */ = {isa = PBXFileReference; explicitFileType = wrapper.application; includeInIndex = 0; path = ChatSwiftUI.app; sourceTree = BUILT_PRODUCTS_DIR; };
		A9A7A525267EEC2300894886 /* ChatSwiftUIApp.swift */ = {isa = PBXFileReference; lastKnownFileType = sourcecode.swift; path = ChatSwiftUIApp.swift; sourceTree = "<group>"; };
		A9A7A527267EEC2300894886 /* ContentView.swift */ = {isa = PBXFileReference; lastKnownFileType = sourcecode.swift; path = ContentView.swift; sourceTree = "<group>"; };
		A9A7A529267EEC2400894886 /* Assets.xcassets */ = {isa = PBXFileReference; lastKnownFileType = folder.assetcatalog; path = Assets.xcassets; sourceTree = "<group>"; };
		A9A7A52C267EEC2400894886 /* Preview Assets.xcassets */ = {isa = PBXFileReference; lastKnownFileType = folder.assetcatalog; path = "Preview Assets.xcassets"; sourceTree = "<group>"; };
		A9A7A538267EEC5200894886 /* SendbirdChatState.swift */ = {isa = PBXFileReference; lastKnownFileType = sourcecode.swift; path = SendbirdChatState.swift; sourceTree = "<group>"; };
		A9A7A53A267EF10A00894886 /* Info.plist */ = {isa = PBXFileReference; lastKnownFileType = text.plist; path = Info.plist; sourceTree = "<group>"; };
		A9A7A53B267EF1D000894886 /* SignInView.swift */ = {isa = PBXFileReference; lastKnownFileType = sourcecode.swift; path = SignInView.swift; sourceTree = "<group>"; };
		A9A7A53D267EFB3400894886 /* ChannelList.swift */ = {isa = PBXFileReference; lastKnownFileType = sourcecode.swift; path = ChannelList.swift; sourceTree = "<group>"; };
		A9A7A53F267F0A8300894886 /* SBDGroupChannel.ChatSwiftUI.swift */ = {isa = PBXFileReference; lastKnownFileType = sourcecode.swift; path = SBDGroupChannel.ChatSwiftUI.swift; sourceTree = "<group>"; };
		A9A7A541267F0D8300894886 /* SBDUser.ChatSwiftUI.swift */ = {isa = PBXFileReference; lastKnownFileType = sourcecode.swift; path = SBDUser.ChatSwiftUI.swift; sourceTree = "<group>"; };
		A9A7A544267F0F2600894886 /* ChannelRow.swift */ = {isa = PBXFileReference; lastKnownFileType = sourcecode.swift; path = ChannelRow.swift; sourceTree = "<group>"; };
/* End PBXFileReference section */

/* Begin PBXFrameworksBuildPhase section */
		A9A7A51F267EEC2300894886 /* Frameworks */ = {
			isa = PBXFrameworksBuildPhase;
			buildActionMask = 2147483647;
			files = (
				A9A7A535267EEC3B00894886 /* SendBirdSDK in Frameworks */,
				A9A7A537267EEC3B00894886 /* SendbirdChat in Frameworks */,
			);
			runOnlyForDeploymentPostprocessing = 0;
		};
/* End PBXFrameworksBuildPhase section */

/* Begin PBXGroup section */
		A91A8840267F36C5000CD2D3 /* Channel */ = {
			isa = PBXGroup;
			children = (
				A91A8841267F36DE000CD2D3 /* ChannelView.swift */,
				A91A884D267F5C27000CD2D3 /* MessageList.swift */,
				A91A8845267F4643000CD2D3 /* MessageRow.swift */,
				A91A8849267F54B9000CD2D3 /* MessageInputField.swift */,
			);
			path = Channel;
			sourceTree = "<group>";
		};
		A9A7A519267EEC2300894886 = {
			isa = PBXGroup;
			children = (
				A9A7A524267EEC2300894886 /* ChatSwiftUI */,
				A9A7A523267EEC2300894886 /* Products */,
			);
			sourceTree = "<group>";
		};
		A9A7A523267EEC2300894886 /* Products */ = {
			isa = PBXGroup;
			children = (
				A9A7A522267EEC2300894886 /* ChatSwiftUI.app */,
			);
			name = Products;
			sourceTree = "<group>";
		};
		A9A7A524267EEC2300894886 /* ChatSwiftUI */ = {
			isa = PBXGroup;
			children = (
				A9A7A53A267EF10A00894886 /* Info.plist */,
				A9A7A525267EEC2300894886 /* ChatSwiftUIApp.swift */,
				A9A7A548267F0F5400894886 /* ViewModel */,
				A9A7A527267EEC2300894886 /* ContentView.swift */,
				A91A8840267F36C5000CD2D3 /* Channel */,
				A9A7A546267F0F3B00894886 /* Channel list */,
				A9A7A547267F0F4600894886 /* Sign in */,
				A9A7A543267F0D8A00894886 /* Extensions */,
				A9A7A529267EEC2400894886 /* Assets.xcassets */,
				A9A7A52B267EEC2400894886 /* Preview Content */,
			);
			path = ChatSwiftUI;
			sourceTree = "<group>";
		};
		A9A7A52B267EEC2400894886 /* Preview Content */ = {
			isa = PBXGroup;
			children = (
				A9A7A52C267EEC2400894886 /* Preview Assets.xcassets */,
			);
			path = "Preview Content";
			sourceTree = "<group>";
		};
		A9A7A543267F0D8A00894886 /* Extensions */ = {
			isa = PBXGroup;
			children = (
				A9A7A53F267F0A8300894886 /* SBDGroupChannel.ChatSwiftUI.swift */,
				A9A7A541267F0D8300894886 /* SBDUser.ChatSwiftUI.swift */,
				A91A8843267F3D6C000CD2D3 /* NSObject.ChatSwiftUI.swift */,
				A91A884F267F69E4000CD2D3 /* SBDBaseMessage.ChatSwiftUI.swift */,
			);
			path = Extensions;
			sourceTree = "<group>";
		};
		A9A7A546267F0F3B00894886 /* Channel list */ = {
			isa = PBXGroup;
			children = (
				A9A7A53D267EFB3400894886 /* ChannelList.swift */,
				A9A7A544267F0F2600894886 /* ChannelRow.swift */,
			);
			path = "Channel list";
			sourceTree = "<group>";
		};
		A9A7A547267F0F4600894886 /* Sign in */ = {
			isa = PBXGroup;
			children = (
				A9A7A53B267EF1D000894886 /* SignInView.swift */,
			);
			path = "Sign in";
			sourceTree = "<group>";
		};
		A9A7A548267F0F5400894886 /* ViewModel */ = {
			isa = PBXGroup;
			children = (
				A9A7A538267EEC5200894886 /* SendbirdChatState.swift */,
				A91A884B267F5B51000CD2D3 /* GroupChannelState.swift */,
			);
			path = ViewModel;
			sourceTree = "<group>";
		};
/* End PBXGroup section */

/* Begin PBXNativeTarget section */
		A9A7A521267EEC2300894886 /* ChatSwiftUI */ = {
			isa = PBXNativeTarget;
			buildConfigurationList = A9A7A530267EEC2400894886 /* Build configuration list for PBXNativeTarget "ChatSwiftUI" */;
			buildPhases = (
				A9A7A51E267EEC2300894886 /* Sources */,
				A9A7A51F267EEC2300894886 /* Frameworks */,
				A9A7A520267EEC2300894886 /* Resources */,
			);
			buildRules = (
			);
			dependencies = (
			);
			name = ChatSwiftUI;
			packageProductDependencies = (
				A9A7A534267EEC3B00894886 /* SendBirdSDK */,
				A9A7A536267EEC3B00894886 /* SendbirdChat */,
			);
			productName = ChatSwiftUI;
			productReference = A9A7A522267EEC2300894886 /* ChatSwiftUI.app */;
			productType = "com.apple.product-type.application";
		};
/* End PBXNativeTarget section */

/* Begin PBXProject section */
		A9A7A51A267EEC2300894886 /* Project object */ = {
			isa = PBXProject;
			attributes = {
				BuildIndependentTargetsInParallel = 1;
				LastSwiftUpdateCheck = 1300;
				LastUpgradeCheck = 1300;
				TargetAttributes = {
					A9A7A521267EEC2300894886 = {
						CreatedOnToolsVersion = 13.0;
					};
				};
			};
			buildConfigurationList = A9A7A51D267EEC2300894886 /* Build configuration list for PBXProject "ChatSwiftUI" */;
			compatibilityVersion = "Xcode 13.0";
			developmentRegion = en;
			hasScannedForEncodings = 0;
			knownRegions = (
				en,
				Base,
			);
			mainGroup = A9A7A519267EEC2300894886;
			packageReferences = (
				A9A7A533267EEC3B00894886 /* XCRemoteSwiftPackageReference "SwiftPackage-SendbirdChat" */,
			);
			productRefGroup = A9A7A523267EEC2300894886 /* Products */;
			projectDirPath = "";
			projectRoot = "";
			targets = (
				A9A7A521267EEC2300894886 /* ChatSwiftUI */,
			);
		};
/* End PBXProject section */

/* Begin PBXResourcesBuildPhase section */
		A9A7A520267EEC2300894886 /* Resources */ = {
			isa = PBXResourcesBuildPhase;
			buildActionMask = 2147483647;
			files = (
				A9A7A52D267EEC2400894886 /* Preview Assets.xcassets in Resources */,
				A9A7A52A267EEC2400894886 /* Assets.xcassets in Resources */,
			);
			runOnlyForDeploymentPostprocessing = 0;
		};
/* End PBXResourcesBuildPhase section */

/* Begin PBXSourcesBuildPhase section */
		A9A7A51E267EEC2300894886 /* Sources */ = {
			isa = PBXSourcesBuildPhase;
			buildActionMask = 2147483647;
			files = (
				A9A7A540267F0A8300894886 /* SBDGroupChannel.ChatSwiftUI.swift in Sources */,
				A91A8846267F4643000CD2D3 /* MessageRow.swift in Sources */,
				A9A7A539267EEC5200894886 /* SendbirdChatState.swift in Sources */,
				A91A884A267F54B9000CD2D3 /* MessageInputField.swift in Sources */,
				A91A8850267F69E4000CD2D3 /* SBDBaseMessage.ChatSwiftUI.swift in Sources */,
				A9A7A542267F0D8300894886 /* SBDUser.ChatSwiftUI.swift in Sources */,
				A91A884E267F5C27000CD2D3 /* MessageList.swift in Sources */,
				A91A8842267F36DF000CD2D3 /* ChannelView.swift in Sources */,
				A9A7A528267EEC2300894886 /* ContentView.swift in Sources */,
				A9A7A545267F0F2600894886 /* ChannelRow.swift in Sources */,
				A91A8844267F3D6C000CD2D3 /* NSObject.ChatSwiftUI.swift in Sources */,
				A9A7A53C267EF1D000894886 /* SignInView.swift in Sources */,
				A91A884C267F5B51000CD2D3 /* GroupChannelState.swift in Sources */,
				A9A7A526267EEC2300894886 /* ChatSwiftUIApp.swift in Sources */,
				A9A7A53E267EFB3400894886 /* ChannelList.swift in Sources */,
			);
			runOnlyForDeploymentPostprocessing = 0;
		};
/* End PBXSourcesBuildPhase section */

/* Begin XCBuildConfiguration section */
		A9A7A52E267EEC2400894886 /* Debug */ = {
			isa = XCBuildConfiguration;
			buildSettings = {
				ALWAYS_SEARCH_USER_PATHS = NO;
				CLANG_ANALYZER_NONNULL = YES;
				CLANG_ANALYZER_NUMBER_OBJECT_CONVERSION = YES_AGGRESSIVE;
				CLANG_CXX_LANGUAGE_STANDARD = "gnu++14";
				CLANG_CXX_LIBRARY = "libc++";
				CLANG_ENABLE_MODULES = YES;
				CLANG_ENABLE_OBJC_ARC = YES;
				CLANG_ENABLE_OBJC_WEAK = YES;
				CLANG_WARN_BLOCK_CAPTURE_AUTORELEASING = YES;
				CLANG_WARN_BOOL_CONVERSION = YES;
				CLANG_WARN_COMMA = YES;
				CLANG_WARN_CONSTANT_CONVERSION = YES;
				CLANG_WARN_DEPRECATED_OBJC_IMPLEMENTATIONS = YES;
				CLANG_WARN_DIRECT_OBJC_ISA_USAGE = YES_ERROR;
				CLANG_WARN_DOCUMENTATION_COMMENTS = YES;
				CLANG_WARN_EMPTY_BODY = YES;
				CLANG_WARN_ENUM_CONVERSION = YES;
				CLANG_WARN_INFINITE_RECURSION = YES;
				CLANG_WARN_INT_CONVERSION = YES;
				CLANG_WARN_NON_LITERAL_NULL_CONVERSION = YES;
				CLANG_WARN_OBJC_IMPLICIT_RETAIN_SELF = YES;
				CLANG_WARN_OBJC_LITERAL_CONVERSION = YES;
				CLANG_WARN_OBJC_ROOT_CLASS = YES_ERROR;
				CLANG_WARN_QUOTED_INCLUDE_IN_FRAMEWORK_HEADER = YES;
				CLANG_WARN_RANGE_LOOP_ANALYSIS = YES;
				CLANG_WARN_STRICT_PROTOTYPES = YES;
				CLANG_WARN_SUSPICIOUS_MOVE = YES;
				CLANG_WARN_UNGUARDED_AVAILABILITY = YES_AGGRESSIVE;
				CLANG_WARN_UNREACHABLE_CODE = YES;
				CLANG_WARN__DUPLICATE_METHOD_MATCH = YES;
				COPY_PHASE_STRIP = NO;
				DEBUG_INFORMATION_FORMAT = dwarf;
				ENABLE_STRICT_OBJC_MSGSEND = YES;
				ENABLE_TESTABILITY = YES;
				GCC_C_LANGUAGE_STANDARD = gnu11;
				GCC_DYNAMIC_NO_PIC = NO;
				GCC_NO_COMMON_BLOCKS = YES;
				GCC_OPTIMIZATION_LEVEL = 0;
				GCC_PREPROCESSOR_DEFINITIONS = (
					"DEBUG=1",
					"$(inherited)",
				);
				GCC_WARN_64_TO_32_BIT_CONVERSION = YES;
				GCC_WARN_ABOUT_RETURN_TYPE = YES_ERROR;
				GCC_WARN_UNDECLARED_SELECTOR = YES;
				GCC_WARN_UNINITIALIZED_AUTOS = YES_AGGRESSIVE;
				GCC_WARN_UNUSED_FUNCTION = YES;
				GCC_WARN_UNUSED_VARIABLE = YES;
				IPHONEOS_DEPLOYMENT_TARGET = 13.0;
				MTL_ENABLE_DEBUG_INFO = INCLUDE_SOURCE;
				MTL_FAST_MATH = YES;
				ONLY_ACTIVE_ARCH = YES;
				SDKROOT = iphoneos;
				SWIFT_ACTIVE_COMPILATION_CONDITIONS = DEBUG;
				SWIFT_OPTIMIZATION_LEVEL = "-Onone";
			};
			name = Debug;
		};
		A9A7A52F267EEC2400894886 /* Release */ = {
			isa = XCBuildConfiguration;
			buildSettings = {
				ALWAYS_SEARCH_USER_PATHS = NO;
				CLANG_ANALYZER_NONNULL = YES;
				CLANG_ANALYZER_NUMBER_OBJECT_CONVERSION = YES_AGGRESSIVE;
				CLANG_CXX_LANGUAGE_STANDARD = "gnu++14";
				CLANG_CXX_LIBRARY = "libc++";
				CLANG_ENABLE_MODULES = YES;
				CLANG_ENABLE_OBJC_ARC = YES;
				CLANG_ENABLE_OBJC_WEAK = YES;
				CLANG_WARN_BLOCK_CAPTURE_AUTORELEASING = YES;
				CLANG_WARN_BOOL_CONVERSION = YES;
				CLANG_WARN_COMMA = YES;
				CLANG_WARN_CONSTANT_CONVERSION = YES;
				CLANG_WARN_DEPRECATED_OBJC_IMPLEMENTATIONS = YES;
				CLANG_WARN_DIRECT_OBJC_ISA_USAGE = YES_ERROR;
				CLANG_WARN_DOCUMENTATION_COMMENTS = YES;
				CLANG_WARN_EMPTY_BODY = YES;
				CLANG_WARN_ENUM_CONVERSION = YES;
				CLANG_WARN_INFINITE_RECURSION = YES;
				CLANG_WARN_INT_CONVERSION = YES;
				CLANG_WARN_NON_LITERAL_NULL_CONVERSION = YES;
				CLANG_WARN_OBJC_IMPLICIT_RETAIN_SELF = YES;
				CLANG_WARN_OBJC_LITERAL_CONVERSION = YES;
				CLANG_WARN_OBJC_ROOT_CLASS = YES_ERROR;
				CLANG_WARN_QUOTED_INCLUDE_IN_FRAMEWORK_HEADER = YES;
				CLANG_WARN_RANGE_LOOP_ANALYSIS = YES;
				CLANG_WARN_STRICT_PROTOTYPES = YES;
				CLANG_WARN_SUSPICIOUS_MOVE = YES;
				CLANG_WARN_UNGUARDED_AVAILABILITY = YES_AGGRESSIVE;
				CLANG_WARN_UNREACHABLE_CODE = YES;
				CLANG_WARN__DUPLICATE_METHOD_MATCH = YES;
				COPY_PHASE_STRIP = NO;
				DEBUG_INFORMATION_FORMAT = "dwarf-with-dsym";
				ENABLE_NS_ASSERTIONS = NO;
				ENABLE_STRICT_OBJC_MSGSEND = YES;
				GCC_C_LANGUAGE_STANDARD = gnu11;
				GCC_NO_COMMON_BLOCKS = YES;
				GCC_WARN_64_TO_32_BIT_CONVERSION = YES;
				GCC_WARN_ABOUT_RETURN_TYPE = YES_ERROR;
				GCC_WARN_UNDECLARED_SELECTOR = YES;
				GCC_WARN_UNINITIALIZED_AUTOS = YES_AGGRESSIVE;
				GCC_WARN_UNUSED_FUNCTION = YES;
				GCC_WARN_UNUSED_VARIABLE = YES;
				IPHONEOS_DEPLOYMENT_TARGET = 13.0;
				MTL_ENABLE_DEBUG_INFO = NO;
				MTL_FAST_MATH = YES;
				SDKROOT = iphoneos;
				SWIFT_COMPILATION_MODE = wholemodule;
				SWIFT_OPTIMIZATION_LEVEL = "-O";
				VALIDATE_PRODUCT = YES;
			};
			name = Release;
		};
		A9A7A531267EEC2400894886 /* Debug */ = {
			isa = XCBuildConfiguration;
			buildSettings = {
				ASSETCATALOG_COMPILER_APPICON_NAME = AppIcon;
				ASSETCATALOG_COMPILER_GLOBAL_ACCENT_COLOR_NAME = AccentColor;
				CODE_SIGN_STYLE = Automatic;
				CURRENT_PROJECT_VERSION = 1;
				DEVELOPMENT_ASSET_PATHS = "\"ChatSwiftUI/Preview Content\"";
				DEVELOPMENT_TEAM = 6U458CZAW8;
				ENABLE_PREVIEWS = YES;
				GENERATE_INFOPLIST_FILE = YES;
				INFOPLIST_FILE = ChatSwiftUI/Info.plist;
				INFOPLIST_KEY_CFBundleExecutable = ChatSwiftUI;
				INFOPLIST_KEY_CFBundleName = ChatSwiftUI;
				INFOPLIST_KEY_CFBundleVersion = 1;
				INFOPLIST_KEY_UIApplicationSceneManifest_Generation = YES;
				INFOPLIST_KEY_UIApplicationSupportsIndirectInputEvents = YES;
				INFOPLIST_KEY_UILaunchScreen_Generation = YES;
				INFOPLIST_KEY_UISupportedInterfaceOrientations = UIInterfaceOrientationPortrait;
				INFOPLIST_KEY_UISupportedInterfaceOrientations_iPad = "UIInterfaceOrientationPortrait UIInterfaceOrientationPortraitUpsideDown UIInterfaceOrientationLandscapeLeft UIInterfaceOrientationLandscapeRight";
				INFOPLIST_KEY_UISupportedInterfaceOrientations_iPhone = "UIInterfaceOrientationPortrait UIInterfaceOrientationLandscapeLeft UIInterfaceOrientationLandscapeRight";
				IPHONEOS_DEPLOYMENT_TARGET = 15.0;
				LD_RUNPATH_SEARCH_PATHS = (
					"$(inherited)",
					"@executable_path/Frameworks",
				);
				MARKETING_VERSION = 1.0;
				PRODUCT_BUNDLE_IDENTIFIER = com.jaesung.sendbird.swiftui.chat;
				PRODUCT_NAME = "$(TARGET_NAME)";
				SWIFT_EMIT_LOC_STRINGS = YES;
				SWIFT_VERSION = 5.0;
				TARGETED_DEVICE_FAMILY = 1;
			};
			name = Debug;
		};
		A9A7A532267EEC2400894886 /* Release */ = {
			isa = XCBuildConfiguration;
			buildSettings = {
				ASSETCATALOG_COMPILER_APPICON_NAME = AppIcon;
				ASSETCATALOG_COMPILER_GLOBAL_ACCENT_COLOR_NAME = AccentColor;
				CODE_SIGN_STYLE = Automatic;
				CURRENT_PROJECT_VERSION = 1;
				DEVELOPMENT_ASSET_PATHS = "\"ChatSwiftUI/Preview Content\"";
				DEVELOPMENT_TEAM = 6U458CZAW8;
				ENABLE_PREVIEWS = YES;
				GENERATE_INFOPLIST_FILE = YES;
				INFOPLIST_FILE = ChatSwiftUI/Info.plist;
				INFOPLIST_KEY_CFBundleExecutable = ChatSwiftUI;
				INFOPLIST_KEY_CFBundleName = ChatSwiftUI;
				INFOPLIST_KEY_CFBundleVersion = 1;
				INFOPLIST_KEY_UIApplicationSceneManifest_Generation = YES;
				INFOPLIST_KEY_UIApplicationSupportsIndirectInputEvents = YES;
				INFOPLIST_KEY_UILaunchScreen_Generation = YES;
				INFOPLIST_KEY_UISupportedInterfaceOrientations = UIInterfaceOrientationPortrait;
				INFOPLIST_KEY_UISupportedInterfaceOrientations_iPad = "UIInterfaceOrientationPortrait UIInterfaceOrientationPortraitUpsideDown UIInterfaceOrientationLandscapeLeft UIInterfaceOrientationLandscapeRight";
				INFOPLIST_KEY_UISupportedInterfaceOrientations_iPhone = "UIInterfaceOrientationPortrait UIInterfaceOrientationLandscapeLeft UIInterfaceOrientationLandscapeRight";
				IPHONEOS_DEPLOYMENT_TARGET = 15.0;
				LD_RUNPATH_SEARCH_PATHS = (
					"$(inherited)",
					"@executable_path/Frameworks",
				);
				MARKETING_VERSION = 1.0;
				PRODUCT_BUNDLE_IDENTIFIER = com.jaesung.sendbird.swiftui.chat;
				PRODUCT_NAME = "$(TARGET_NAME)";
				SWIFT_EMIT_LOC_STRINGS = YES;
				SWIFT_VERSION = 5.0;
				TARGETED_DEVICE_FAMILY = 1;
			};
			name = Release;
		};
/* End XCBuildConfiguration section */

/* Begin XCConfigurationList section */
		A9A7A51D267EEC2300894886 /* Build configuration list for PBXProject "ChatSwiftUI" */ = {
			isa = XCConfigurationList;
			buildConfigurations = (
				A9A7A52E267EEC2400894886 /* Debug */,
				A9A7A52F267EEC2400894886 /* Release */,
			);
			defaultConfigurationIsVisible = 0;
			defaultConfigurationName = Release;
		};
		A9A7A530267EEC2400894886 /* Build configuration list for PBXNativeTarget "ChatSwiftUI" */ = {
			isa = XCConfigurationList;
			buildConfigurations = (
				A9A7A531267EEC2400894886 /* Debug */,
				A9A7A532267EEC2400894886 /* Release */,
			);
			defaultConfigurationIsVisible = 0;
			defaultConfigurationName = Release;
		};
/* End XCConfigurationList section */

/* Begin XCRemoteSwiftPackageReference section */
		A9A7A533267EEC3B00894886 /* XCRemoteSwiftPackageReference "SwiftPackage-SendbirdChat" */ = {
			isa = XCRemoteSwiftPackageReference;
			repositoryURL = "https://github.com/jaesung-0o0/SwiftPackage-SendbirdChat";
			requirement = {
				kind = upToNextMajorVersion;
				minimumVersion = 0.1.0;
			};
		};
/* End XCRemoteSwiftPackageReference section */

/* Begin XCSwiftPackageProductDependency section */
		A9A7A534267EEC3B00894886 /* SendBirdSDK */ = {
			isa = XCSwiftPackageProductDependency;
			package = A9A7A533267EEC3B00894886 /* XCRemoteSwiftPackageReference "SwiftPackage-SendbirdChat" */;
			productName = SendBirdSDK;
		};
		A9A7A536267EEC3B00894886 /* SendbirdChat */ = {
			isa = XCSwiftPackageProductDependency;
			package = A9A7A533267EEC3B00894886 /* XCRemoteSwiftPackageReference "SwiftPackage-SendbirdChat" */;
			productName = SendbirdChat;
		};
/* End XCSwiftPackageProductDependency section */
	};
	rootObject = A9A7A51A267EEC2300894886 /* Project object */;
}
